// !$*UTF8*$!
{
	archiveVersion = 1;
	classes = {
	};
	objectVersion = 46;
	objects = {

/* Begin PBXBuildFile section */
		884A09E81F5F3E3800D141C1 /* main.m in Sources */ = {isa = PBXBuildFile; fileRef = 884A09E71F5F3E3800D141C1 /* main.m */; };
		884A09FC1F5F944300D141C1 /* Question.m in Sources */ = {isa = PBXBuildFile; fileRef = 884A09FB1F5F944300D141C1 /* Question.m */; };
		884A09FF1F60625300D141C1 /* InputHandler.m in Sources */ = {isa = PBXBuildFile; fileRef = 884A09FE1F60625300D141C1 /* InputHandler.m */; };
		884A0A021F606CBF00D141C1 /* ScoreKeeper.m in Sources */ = {isa = PBXBuildFile; fileRef = 884A0A011F606CBF00D141C1 /* ScoreKeeper.m */; };
		884A0A051F60850E00D141C1 /* QuestionManager.m in Sources */ = {isa = PBXBuildFile; fileRef = 884A0A041F60850E00D141C1 /* QuestionManager.m */; };
		884A0A081F60AEC800D141C1 /* AdditionQuestion.m in Sources */ = {isa = PBXBuildFile; fileRef = 884A0A071F60AEC800D141C1 /* AdditionQuestion.m */; };
		884A0A0B1F60AEDA00D141C1 /* SubtractionQuestion.m in Sources */ = {isa = PBXBuildFile; fileRef = 884A0A0A1F60AEDA00D141C1 /* SubtractionQuestion.m */; };
		884A0A0E1F60B8E000D141C1 /* MultiplicationQuestion.m in Sources */ = {isa = PBXBuildFile; fileRef = 884A0A0D1F60B8E000D141C1 /* MultiplicationQuestion.m */; };
		884A0A111F60B90300D141C1 /* DivisionQuestion.m in Sources */ = {isa = PBXBuildFile; fileRef = 884A0A101F60B90300D141C1 /* DivisionQuestion.m */; };
		884A0A141F60B96900D141C1 /* QuestionFactory.m in Sources */ = {isa = PBXBuildFile; fileRef = 884A0A131F60B96900D141C1 /* QuestionFactory.m */; };
/* End PBXBuildFile section */

/* Begin PBXCopyFilesBuildPhase section */
		884A09E21F5F3E3800D141C1 /* CopyFiles */ = {
			isa = PBXCopyFilesBuildPhase;
			buildActionMask = 2147483647;
			dstPath = /usr/share/man/man1/;
			dstSubfolderSpec = 0;
			files = (
			);
			runOnlyForDeploymentPostprocessing = 1;
		};
/* End PBXCopyFilesBuildPhase section */

/* Begin PBXFileReference section */
		884A09E41F5F3E3800D141C1 /* Maths */ = {isa = PBXFileReference; explicitFileType = "compiled.mach-o.executable"; includeInIndex = 0; path = Maths; sourceTree = BUILT_PRODUCTS_DIR; };
		884A09E71F5F3E3800D141C1 /* main.m */ = {isa = PBXFileReference; lastKnownFileType = sourcecode.c.objc; path = main.m; sourceTree = "<group>"; };
		884A09FA1F5F944300D141C1 /* Question.h */ = {isa = PBXFileReference; fileEncoding = 4; lastKnownFileType = sourcecode.c.h; path = Question.h; sourceTree = "<group>"; };
		884A09FB1F5F944300D141C1 /* Question.m */ = {isa = PBXFileReference; fileEncoding = 4; lastKnownFileType = sourcecode.c.objc; path = Question.m; sourceTree = "<group>"; };
		884A09FD1F60625300D141C1 /* InputHandler.h */ = {isa = PBXFileReference; fileEncoding = 4; lastKnownFileType = sourcecode.c.h; path = InputHandler.h; sourceTree = "<group>"; };
		884A09FE1F60625300D141C1 /* InputHandler.m */ = {isa = PBXFileReference; fileEncoding = 4; lastKnownFileType = sourcecode.c.objc; path = InputHandler.m; sourceTree = "<group>"; };
		884A0A001F606CBF00D141C1 /* ScoreKeeper.h */ = {isa = PBXFileReference; fileEncoding = 4; lastKnownFileType = sourcecode.c.h; path = ScoreKeeper.h; sourceTree = "<group>"; };
		884A0A011F606CBF00D141C1 /* ScoreKeeper.m */ = {isa = PBXFileReference; fileEncoding = 4; lastKnownFileType = sourcecode.c.objc; path = ScoreKeeper.m; sourceTree = "<group>"; };
		884A0A031F60850E00D141C1 /* QuestionManager.h */ = {isa = PBXFileReference; fileEncoding = 4; lastKnownFileType = sourcecode.c.h; path = QuestionManager.h; sourceTree = "<group>"; };
		884A0A041F60850E00D141C1 /* QuestionManager.m */ = {isa = PBXFileReference; fileEncoding = 4; lastKnownFileType = sourcecode.c.objc; path = QuestionManager.m; sourceTree = "<group>"; };
		884A0A061F60AEC800D141C1 /* AdditionQuestion.h */ = {isa = PBXFileReference; fileEncoding = 4; lastKnownFileType = sourcecode.c.h; path = AdditionQuestion.h; sourceTree = "<group>"; };
		884A0A071F60AEC800D141C1 /* AdditionQuestion.m */ = {isa = PBXFileReference; fileEncoding = 4; lastKnownFileType = sourcecode.c.objc; path = AdditionQuestion.m; sourceTree = "<group>"; };
		884A0A091F60AEDA00D141C1 /* SubtractionQuestion.h */ = {isa = PBXFileReference; fileEncoding = 4; lastKnownFileType = sourcecode.c.h; path = SubtractionQuestion.h; sourceTree = "<group>"; };
		884A0A0A1F60AEDA00D141C1 /* SubtractionQuestion.m */ = {isa = PBXFileReference; fileEncoding = 4; lastKnownFileType = sourcecode.c.objc; path = SubtractionQuestion.m; sourceTree = "<group>"; };
		884A0A0C1F60B8E000D141C1 /* MultiplicationQuestion.h */ = {isa = PBXFileReference; fileEncoding = 4; lastKnownFileType = sourcecode.c.h; path = MultiplicationQuestion.h; sourceTree = "<group>"; };
		884A0A0D1F60B8E000D141C1 /* MultiplicationQuestion.m */ = {isa = PBXFileReference; fileEncoding = 4; lastKnownFileType = sourcecode.c.objc; path = MultiplicationQuestion.m; sourceTree = "<group>"; };
		884A0A0F1F60B90300D141C1 /* DivisionQuestion.h */ = {isa = PBXFileReference; fileEncoding = 4; lastKnownFileType = sourcecode.c.h; path = DivisionQuestion.h; sourceTree = "<group>"; };
		884A0A101F60B90300D141C1 /* DivisionQuestion.m */ = {isa = PBXFileReference; fileEncoding = 4; lastKnownFileType = sourcecode.c.objc; path = DivisionQuestion.m; sourceTree = "<group>"; };
		884A0A121F60B96900D141C1 /* QuestionFactory.h */ = {isa = PBXFileReference; fileEncoding = 4; lastKnownFileType = sourcecode.c.h; path = QuestionFactory.h; sourceTree = "<group>"; };
		884A0A131F60B96900D141C1 /* QuestionFactory.m */ = {isa = PBXFileReference; fileEncoding = 4; lastKnownFileType = sourcecode.c.objc; path = QuestionFactory.m; sourceTree = "<group>"; };
/* End PBXFileReference section */

/* Begin PBXFrameworksBuildPhase section */
		884A09E11F5F3E3800D141C1 /* Frameworks */ = {
			isa = PBXFrameworksBuildPhase;
			buildActionMask = 2147483647;
			files = (
			);
			runOnlyForDeploymentPostprocessing = 0;
		};
/* End PBXFrameworksBuildPhase section */

/* Begin PBXGroup section */
		884A09DB1F5F3E3800D141C1 = {
			isa = PBXGroup;
			children = (
				884A09E61F5F3E3800D141C1 /* Maths */,
				884A09E51F5F3E3800D141C1 /* Products */,
			);
			sourceTree = "<group>";
		};
		884A09E51F5F3E3800D141C1 /* Products */ = {
			isa = PBXGroup;
			children = (
				884A09E41F5F3E3800D141C1 /* Maths */,
			);
			name = Products;
			sourceTree = "<group>";
		};
		884A09E61F5F3E3800D141C1 /* Maths */ = {
			isa = PBXGroup;
			children = (
				884A09E71F5F3E3800D141C1 /* main.m */,
				884A0A121F60B96900D141C1 /* QuestionFactory.h */,
				884A0A131F60B96900D141C1 /* QuestionFactory.m */,
				884A0A0F1F60B90300D141C1 /* DivisionQuestion.h */,
				884A0A101F60B90300D141C1 /* DivisionQuestion.m */,
				884A0A091F60AEDA00D141C1 /* SubtractionQuestion.h */,
				884A0A0A1F60AEDA00D141C1 /* SubtractionQuestion.m */,
				884A0A061F60AEC800D141C1 /* AdditionQuestion.h */,
				884A0A071F60AEC800D141C1 /* AdditionQuestion.m */,
				884A0A0C1F60B8E000D141C1 /* MultiplicationQuestion.h */,
				884A0A0D1F60B8E000D141C1 /* MultiplicationQuestion.m */,
				884A0A031F60850E00D141C1 /* QuestionManager.h */,
				884A0A041F60850E00D141C1 /* QuestionManager.m */,
				884A0A001F606CBF00D141C1 /* ScoreKeeper.h */,
				884A0A011F606CBF00D141C1 /* ScoreKeeper.m */,
				884A09FD1F60625300D141C1 /* InputHandler.h */,
				884A09FE1F60625300D141C1 /* InputHandler.m */,
				884A09FA1F5F944300D141C1 /* Question.h */,
				884A09FB1F5F944300D141C1 /* Question.m */,
			);
			path = Maths;
			sourceTree = "<group>";
		};
/* End PBXGroup section */

/* Begin PBXNativeTarget section */
		884A09E31F5F3E3800D141C1 /* Maths */ = {
			isa = PBXNativeTarget;
			buildConfigurationList = 884A09EB1F5F3E3800D141C1 /* Build configuration list for PBXNativeTarget "Maths" */;
			buildPhases = (
				884A09E01F5F3E3800D141C1 /* Sources */,
				884A09E11F5F3E3800D141C1 /* Frameworks */,
				884A09E21F5F3E3800D141C1 /* CopyFiles */,
			);
			buildRules = (
			);
			dependencies = (
			);
			name = Maths;
			productName = Maths;
			productReference = 884A09E41F5F3E3800D141C1 /* Maths */;
			productType = "com.apple.product-type.tool";
		};
/* End PBXNativeTarget section */

/* Begin PBXProject section */
		884A09DC1F5F3E3800D141C1 /* Project object */ = {
			isa = PBXProject;
			attributes = {
				LastUpgradeCheck = 0830;
				ORGANIZATIONNAME = "Jaison Bhatti";
				TargetAttributes = {
					884A09E31F5F3E3800D141C1 = {
						CreatedOnToolsVersion = 8.3.3;
						ProvisioningStyle = Automatic;
					};
				};
			};
			buildConfigurationList = 884A09DF1F5F3E3800D141C1 /* Build configuration list for PBXProject "Maths" */;
			compatibilityVersion = "Xcode 3.2";
			developmentRegion = English;
			hasScannedForEncodings = 0;
			knownRegions = (
				en,
			);
			mainGroup = 884A09DB1F5F3E3800D141C1;
			productRefGroup = 884A09E51F5F3E3800D141C1 /* Products */;
			projectDirPath = "";
			projectRoot = "";
			targets = (
				884A09E31F5F3E3800D141C1 /* Maths */,
			);
		};
/* End PBXProject section */

/* Begin PBXSourcesBuildPhase section */
		884A09E01F5F3E3800D141C1 /* Sources */ = {
			isa = PBXSourcesBuildPhase;
			buildActionMask = 2147483647;
			files = (
				884A0A051F60850E00D141C1 /* QuestionManager.m in Sources */,
				884A0A0E1F60B8E000D141C1 /* MultiplicationQuestion.m in Sources */,
				884A0A081F60AEC800D141C1 /* AdditionQuestion.m in Sources */,
				884A0A0B1F60AEDA00D141C1 /* SubtractionQuestion.m in Sources */,
				884A0A021F606CBF00D141C1 /* ScoreKeeper.m in Sources */,
				884A09E81F5F3E3800D141C1 /* main.m in Sources */,
				884A0A111F60B90300D141C1 /* DivisionQuestion.m in Sources */,
				884A09FF1F60625300D141C1 /* InputHandler.m in Sources */,
				884A0A141F60B96900D141C1 /* QuestionFactory.m in Sources */,
				884A09FC1F5F944300D141C1 /* Question.m in Sources */,
			);
			runOnlyForDeploymentPostprocessing = 0;
		};
/* End PBXSourcesBuildPhase section */

/* Begin XCBuildConfiguration section */
		884A09E91F5F3E3800D141C1 /* Debug */ = {
			isa = XCBuildConfiguration;
			buildSettings = {
				ALWAYS_SEARCH_USER_PATHS = NO;
				CLANG_ANALYZER_NONNULL = YES;
				CLANG_ANALYZER_NUMBER_OBJECT_CONVERSION = YES_AGGRESSIVE;
				CLANG_CXX_LANGUAGE_STANDARD = "gnu++0x";
				CLANG_CXX_LIBRARY = "libc++";
				CLANG_ENABLE_MODULES = YES;
				CLANG_ENABLE_OBJC_ARC = YES;
				CLANG_WARN_BOOL_CONVERSION = YES;
				CLANG_WARN_CONSTANT_CONVERSION = YES;
				CLANG_WARN_DIRECT_OBJC_ISA_USAGE = YES_ERROR;
				CLANG_WARN_DOCUMENTATION_COMMENTS = YES;
				CLANG_WARN_EMPTY_BODY = YES;
				CLANG_WARN_ENUM_CONVERSION = YES;
				CLANG_WARN_INFINITE_RECURSION = YES;
				CLANG_WARN_INT_CONVERSION = YES;
				CLANG_WARN_OBJC_ROOT_CLASS = YES_ERROR;
				CLANG_WARN_SUSPICIOUS_MOVE = YES;
				CLANG_WARN_UNREACHABLE_CODE = YES;
				CLANG_WARN__DUPLICATE_METHOD_MATCH = YES;
				CODE_SIGN_IDENTITY = "-";
				COPY_PHASE_STRIP = NO;
				DEBUG_INFORMATION_FORMAT = dwarf;
				ENABLE_STRICT_OBJC_MSGSEND = YES;
				ENABLE_TESTABILITY = YES;
				GCC_C_LANGUAGE_STANDARD = gnu99;
				GCC_DYNAMIC_NO_PIC = NO;
				GCC_NO_COMMON_BLOCKS = YES;
				GCC_OPTIMIZATION_LEVEL = 0;
				GCC_PREPROCESSOR_DEFINITIONS = (
					"DEBUG=1",
					"$(inherited)",
				);
				GCC_WARN_64_TO_32_BIT_CONVERSION = YES;
				GCC_WARN_ABOUT_RETURN_TYPE = YES_ERROR;
				GCC_WARN_UNDECLARED_SELECTOR = YES;
				GCC_WARN_UNINITIALIZED_AUTOS = YES_AGGRESSIVE;
				GCC_WARN_UNUSED_FUNCTION = YES;
				GCC_WARN_UNUSED_VARIABLE = YES;
				MACOSX_DEPLOYMENT_TARGET = 10.12;
				MTL_ENABLE_DEBUG_INFO = YES;
				ONLY_ACTIVE_ARCH = YES;
				SDKROOT = macosx;
			};
			name = Debug;
		};
		884A09EA1F5F3E3800D141C1 /* Release */ = {
			isa = XCBuildConfiguration;
			buildSettings = {
				ALWAYS_SEARCH_USER_PATHS = NO;
				CLANG_ANALYZER_NONNULL = YES;
				CLANG_ANALYZER_NUMBER_OBJECT_CONVERSION = YES_AGGRESSIVE;
				CLANG_CXX_LANGUAGE_STANDARD = "gnu++0x";
				CLANG_CXX_LIBRARY = "libc++";
				CLANG_ENABLE_MODULES = YES;
				CLANG_ENABLE_OBJC_ARC = YES;
				CLANG_WARN_BOOL_CONVERSION = YES;
				CLANG_WARN_CONSTANT_CONVERSION = YES;
				CLANG_WARN_DIRECT_OBJC_ISA_USAGE = YES_ERROR;
				CLANG_WARN_DOCUMENTATION_COMMENTS = YES;
				CLANG_WARN_EMPTY_BODY = YES;
				CLANG_WARN_ENUM_CONVERSION = YES;
				CLANG_WARN_INFINITE_RECURSION = YES;
				CLANG_WARN_INT_CONVERSION = YES;
				CLANG_WARN_OBJC_ROOT_CLASS = YES_ERROR;
				CLANG_WARN_SUSPICIOUS_MOVE = YES;
				CLANG_WARN_UNREACHABLE_CODE = YES;
				CLANG_WARN__DUPLICATE_METHOD_MATCH = YES;
				CODE_SIGN_IDENTITY = "-";
				COPY_PHASE_STRIP = NO;
				DEBUG_INFORMATION_FORMAT = "dwarf-with-dsym";
				ENABLE_NS_ASSERTIONS = NO;
				ENABLE_STRICT_OBJC_MSGSEND = YES;
				GCC_C_LANGUAGE_STANDARD = gnu99;
				GCC_NO_COMMON_BLOCKS = YES;
				GCC_WARN_64_TO_32_BIT_CONVERSION = YES;
				GCC_WARN_ABOUT_RETURN_TYPE = YES_ERROR;
				GCC_WARN_UNDECLARED_SELECTOR = YES;
				GCC_WARN_UNINITIALIZED_AUTOS = YES_AGGRESSIVE;
				GCC_WARN_UNUSED_FUNCTION = YES;
				GCC_WARN_UNUSED_VARIABLE = YES;
				MACOSX_DEPLOYMENT_TARGET = 10.12;
				MTL_ENABLE_DEBUG_INFO = NO;
				SDKROOT = macosx;
			};
			name = Release;
		};
		884A09EC1F5F3E3800D141C1 /* Debug */ = {
			isa = XCBuildConfiguration;
			buildSettings = {
				PRODUCT_NAME = "$(TARGET_NAME)";
			};
			name = Debug;
		};
		884A09ED1F5F3E3800D141C1 /* Release */ = {
			isa = XCBuildConfiguration;
			buildSettings = {
				PRODUCT_NAME = "$(TARGET_NAME)";
			};
			name = Release;
		};
/* End XCBuildConfiguration section */

/* Begin XCConfigurationList section */
		884A09DF1F5F3E3800D141C1 /* Build configuration list for PBXProject "Maths" */ = {
			isa = XCConfigurationList;
			buildConfigurations = (
				884A09E91F5F3E3800D141C1 /* Debug */,
				884A09EA1F5F3E3800D141C1 /* Release */,
			);
			defaultConfigurationIsVisible = 0;
			defaultConfigurationName = Release;
		};
		884A09EB1F5F3E3800D141C1 /* Build configuration list for PBXNativeTarget "Maths" */ = {
			isa = XCConfigurationList;
			buildConfigurations = (
				884A09EC1F5F3E3800D141C1 /* Debug */,
				884A09ED1F5F3E3800D141C1 /* Release */,
			);
			defaultConfigurationIsVisible = 0;
			defaultConfigurationName = Release;
		};
/* End XCConfigurationList section */
	};
	rootObject = 884A09DC1F5F3E3800D141C1 /* Project object */;
}
